// !$*UTF8*$!
{
	archiveVersion = 1;
	classes = {
	};
	objectVersion = 46;
	objects = {

/* Begin PBXBuildFile section */
		8483AB9B1E537058000B6164 /* AppDelegate.swift in Sources */ = {isa = PBXBuildFile; fileRef = 8483AB9A1E537058000B6164 /* AppDelegate.swift */; };
		8483AB9D1E537058000B6164 /* ViewController.swift in Sources */ = {isa = PBXBuildFile; fileRef = 8483AB9C1E537058000B6164 /* ViewController.swift */; };
		8483ABA01E537058000B6164 /* Main.storyboard in Resources */ = {isa = PBXBuildFile; fileRef = 8483AB9E1E537058000B6164 /* Main.storyboard */; };
		8483ABA21E537058000B6164 /* Assets.xcassets in Resources */ = {isa = PBXBuildFile; fileRef = 8483ABA11E537058000B6164 /* Assets.xcassets */; };
		8483ABA51E537058000B6164 /* LaunchScreen.storyboard in Resources */ = {isa = PBXBuildFile; fileRef = 8483ABA31E537058000B6164 /* LaunchScreen.storyboard */; };
/* End PBXBuildFile section */

/* Begin PBXFileReference section */
		8483AB971E537058000B6164 /* iOS Helpers Swift.app */ = {isa = PBXFileReference; explicitFileType = wrapper.application; includeInIndex = 0; path = "iOS Helpers Swift.app"; sourceTree = BUILT_PRODUCTS_DIR; };
		8483AB9A1E537058000B6164 /* AppDelegate.swift */ = {isa = PBXFileReference; lastKnownFileType = sourcecode.swift; path = AppDelegate.swift; sourceTree = "<group>"; };
		8483AB9C1E537058000B6164 /* ViewController.swift */ = {isa = PBXFileReference; lastKnownFileType = sourcecode.swift; path = ViewController.swift; sourceTree = "<group>"; };
		8483AB9F1E537058000B6164 /* Base */ = {isa = PBXFileReference; lastKnownFileType = file.storyboard; name = Base; path = Base.lproj/Main.storyboard; sourceTree = "<group>"; };
		8483ABA11E537058000B6164 /* Assets.xcassets */ = {isa = PBXFileReference; lastKnownFileType = folder.assetcatalog; path = Assets.xcassets; sourceTree = "<group>"; };
		8483ABA41E537058000B6164 /* Base */ = {isa = PBXFileReference; lastKnownFileType = file.storyboard; name = Base; path = Base.lproj/LaunchScreen.storyboard; sourceTree = "<group>"; };
		8483ABA61E537058000B6164 /* Info.plist */ = {isa = PBXFileReference; lastKnownFileType = text.plist.xml; path = Info.plist; sourceTree = "<group>"; };
/* End PBXFileReference section */

/* Begin PBXFrameworksBuildPhase section */
		8483AB941E537058000B6164 /* Frameworks */ = {
			isa = PBXFrameworksBuildPhase;
			buildActionMask = 2147483647;
			files = (
			);
			runOnlyForDeploymentPostprocessing = 0;
		};
/* End PBXFrameworksBuildPhase section */

/* Begin PBXGroup section */
		8483AB8E1E537058000B6164 = {
			isa = PBXGroup;
			children = (
				8483AB991E537058000B6164 /* iOS Helpers Swift */,
				8483AB981E537058000B6164 /* Products */,
			);
			sourceTree = "<group>";
		};
		8483AB981E537058000B6164 /* Products */ = {
			isa = PBXGroup;
			children = (
				8483AB971E537058000B6164 /* iOS Helpers Swift.app */,
			);
			name = Products;
			sourceTree = "<group>";
		};
		8483AB991E537058000B6164 /* iOS Helpers Swift */ = {
			isa = PBXGroup;
			children = (
				8483AB9A1E537058000B6164 /* AppDelegate.swift */,
				8483AB9C1E537058000B6164 /* ViewController.swift */,
				8483AB9E1E537058000B6164 /* Main.storyboard */,
				8483ABA11E537058000B6164 /* Assets.xcassets */,
				8483ABA31E537058000B6164 /* LaunchScreen.storyboard */,
				8483ABA61E537058000B6164 /* Info.plist */,
			);
			path = "iOS Helpers Swift";
			sourceTree = "<group>";
		};
/* End PBXGroup section */

/* Begin PBXNativeTarget section */
		8483AB961E537058000B6164 /* iOS Helpers Swift */ = {
			isa = PBXNativeTarget;
			buildConfigurationList = 8483ABA91E537058000B6164 /* Build configuration list for PBXNativeTarget "iOS Helpers Swift" */;
			buildPhases = (
				8483AB931E537058000B6164 /* Sources */,
				8483AB941E537058000B6164 /* Frameworks */,
				8483AB951E537058000B6164 /* Resources */,
			);
			buildRules = (
			);
			dependencies = (
			);
			name = "iOS Helpers Swift";
			productName = "iOS Helpers Swift";
			productReference = 8483AB971E537058000B6164 /* iOS Helpers Swift.app */;
			productType = "com.apple.product-type.application";
		};
/* End PBXNativeTarget section */

/* Begin PBXProject section */
		8483AB8F1E537058000B6164 /* Project object */ = {
			isa = PBXProject;
			attributes = {
				LastSwiftUpdateCheck = 0820;
				LastUpgradeCheck = 0820;
				ORGANIZATIONNAME = Jota;
				TargetAttributes = {
					8483AB961E537058000B6164 = {
						CreatedOnToolsVersion = 8.2;
						DevelopmentTeam = 6D995M6B5M;
						ProvisioningStyle = Automatic;
					};
				};
			};
			buildConfigurationList = 8483AB921E537058000B6164 /* Build configuration list for PBXProject "iOS Helpers Swift" */;
			compatibilityVersion = "Xcode 3.2";
			developmentRegion = English;
			hasScannedForEncodings = 0;
			knownRegions = (
				en,
				Base,
			);
			mainGroup = 8483AB8E1E537058000B6164;
			productRefGroup = 8483AB981E537058000B6164 /* Products */;
			projectDirPath = "";
			projectRoot = "";
			targets = (
				8483AB961E537058000B6164 /* iOS Helpers Swift */,
			);
		};
/* End PBXProject section */

/* Begin PBXResourcesBuildPhase section */
		8483AB951E537058000B6164 /* Resources */ = {
			isa = PBXResourcesBuildPhase;
			buildActionMask = 2147483647;
			files = (
				8483ABA51E537058000B6164 /* LaunchScreen.storyboard in Resources */,
				8483ABA21E537058000B6164 /* Assets.xcassets in Resources */,
				8483ABA01E537058000B6164 /* Main.storyboard in Resources */,
			);
			runOnlyForDeploymentPostprocessing = 0;
		};
/* End PBXResourcesBuildPhase section */

/* Begin PBXSourcesBuildPhase section */
		8483AB931E537058000B6164 /* Sources */ = {
			isa = PBXSourcesBuildPhase;
			buildActionMask = 2147483647;
			files = (
				8483AB9D1E537058000B6164 /* ViewController.swift in Sources */,
				8483AB9B1E537058000B6164 /* AppDelegate.swift in Sources */,
			);
			runOnlyForDeploymentPostprocessing = 0;
		};
/* End PBXSourcesBuildPhase section */

/* Begin PBXVariantGroup section */
		8483AB9E1E537058000B6164 /* Main.storyboard */ = {
			isa = PBXVariantGroup;
			children = (
				8483AB9F1E537058000B6164 /* Base */,
			);
			name = Main.storyboard;
			sourceTree = "<group>";
		};
		8483ABA31E537058000B6164 /* LaunchScreen.storyboard */ = {
			isa = PBXVariantGroup;
			children = (
				8483ABA41E537058000B6164 /* Base */,
			);
			name = LaunchScreen.storyboard;
			sourceTree = "<group>";
		};
/* End PBXVariantGroup section */

/* Begin XCBuildConfiguration section */
		8483ABA71E537058000B6164 /* Debug */ = {
			isa = XCBuildConfiguration;
			buildSettings = {
				ALWAYS_SEARCH_USER_PATHS = NO;
				CLANG_ANALYZER_NONNULL = YES;
				CLANG_CXX_LANGUAGE_STANDARD = "gnu++0x";
				CLANG_CXX_LIBRARY = "libc++";
				CLANG_ENABLE_MODULES = YES;
				CLANG_ENABLE_OBJC_ARC = YES;
				CLANG_WARN_BOOL_CONVERSION = YES;
				CLANG_WARN_CONSTANT_CONVERSION = YES;
				CLANG_WARN_DIRECT_OBJC_ISA_USAGE = YES_ERROR;
				CLANG_WARN_DOCUMENTATION_COMMENTS = YES;
				CLANG_WARN_EMPTY_BODY = YES;
				CLANG_WARN_ENUM_CONVERSION = YES;
				CLANG_WARN_INFINITE_RECURSION = YES;
				CLANG_WARN_INT_CONVERSION = YES;
				CLANG_WARN_OBJC_ROOT_CLASS = YES_ERROR;
				CLANG_WARN_SUSPICIOUS_MOVE = YES;
				CLANG_WARN_UNREACHABLE_CODE = YES;
				CLANG_WARN__DUPLICATE_METHOD_MATCH = YES;
				"CODE_SIGN_IDENTITY[sdk=iphoneos*]" = "iPhone Developer";
				COPY_PHASE_STRIP = NO;
				DEBUG_INFORMATION_FORMAT = dwarf;
				ENABLE_STRICT_OBJC_MSGSEND = YES;
				ENABLE_TESTABILITY = YES;
				GCC_C_LANGUAGE_STANDARD = gnu99;
				GCC_DYNAMIC_NO_PIC = NO;
				GCC_NO_COMMON_BLOCKS = YES;
				GCC_OPTIMIZATION_LEVEL = 0;
				GCC_PREPROCESSOR_DEFINITIONS = (
					"DEBUG=1",
					"$(inherited)",
				);
				GCC_WARN_64_TO_32_BIT_CONVERSION = YES;
				GCC_WARN_ABOUT_RETURN_TYPE = YES_ERROR;
				GCC_WARN_UNDECLARED_SELECTOR = YES;
				GCC_WARN_UNINITIALIZED_AUTOS = YES_AGGRESSIVE;
				GCC_WARN_UNUSED_FUNCTION = YES;
				GCC_WARN_UNUSED_VARIABLE = YES;
				IPHONEOS_DEPLOYMENT_TARGET = 10.2;
				MTL_ENABLE_DEBUG_INFO = YES;
				ONLY_ACTIVE_ARCH = YES;
				SDKROOT = iphoneos;
				SWIFT_ACTIVE_COMPILATION_CONDITIONS = DEBUG;
				SWIFT_OPTIMIZATION_LEVEL = "-Onone";
			};
			name = Debug;
		};
		8483ABA81E537058000B6164 /* Release */ = {
			isa = XCBuildConfiguration;
			buildSettings = {
				ALWAYS_SEARCH_USER_PATHS = NO;
				CLANG_ANALYZER_NONNULL = YES;
				CLANG_CXX_LANGUAGE_STANDARD = "gnu++0x";
				CLANG_CXX_LIBRARY = "libc++";
				CLANG_ENABLE_MODULES = YES;
				CLANG_ENABLE_OBJC_ARC = YES;
				CLANG_WARN_BOOL_CONVERSION = YES;
				CLANG_WARN_CONSTANT_CONVERSION = YES;
				CLANG_WARN_DIRECT_OBJC_ISA_USAGE = YES_ERROR;
				CLANG_WARN_DOCUMENTATION_COMMENTS = YES;
				CLANG_WARN_EMPTY_BODY = YES;
				CLANG_WARN_ENUM_CONVERSION = YES;
				CLANG_WARN_INFINITE_RECURSION = YES;
				CLANG_WARN_INT_CONVERSION = YES;
				CLANG_WARN_OBJC_ROOT_CLASS = YES_ERROR;
				CLANG_WARN_SUSPICIOUS_MOVE = YES;
				CLANG_WARN_UNREACHABLE_CODE = YES;
				CLANG_WARN__DUPLICATE_METHOD_MATCH = YES;
				"CODE_SIGN_IDENTITY[sdk=iphoneos*]" = "iPhone Developer";
				COPY_PHASE_STRIP = NO;
				DEBUG_INFORMATION_FORMAT = "dwarf-with-dsym";
				ENABLE_NS_ASSERTIONS = NO;
				ENABLE_STRICT_OBJC_MSGSEND = YES;
				GCC_C_LANGUAGE_STANDARD = gnu99;
				GCC_NO_COMMON_BLOCKS = YES;
				GCC_WARN_64_TO_32_BIT_CONVERSION = YES;
				GCC_WARN_ABOUT_RETURN_TYPE = YES_ERROR;
				GCC_WARN_UNDECLARED_SELECTOR = YES;
				GCC_WARN_UNINITIALIZED_AUTOS = YES_AGGRESSIVE;
				GCC_WARN_UNUSED_FUNCTION = YES;
				GCC_WARN_UNUSED_VARIABLE = YES;
				IPHONEOS_DEPLOYMENT_TARGET = 10.2;
				MTL_ENABLE_DEBUG_INFO = NO;
				SDKROOT = iphoneos;
				SWIFT_OPTIMIZATION_LEVEL = "-Owholemodule";
				VALIDATE_PRODUCT = YES;
			};
			name = Release;
		};
		8483ABAA1E537058000B6164 /* Debug */ = {
			isa = XCBuildConfiguration;
			buildSettings = {
				ASSETCATALOG_COMPILER_APPICON_NAME = AppIcon;
				DEVELOPMENT_TEAM = 6D995M6B5M;
				INFOPLIST_FILE = "iOS Helpers Swift/Info.plist";
				LD_RUNPATH_SEARCH_PATHS = "$(inherited) @executable_path/Frameworks";
				PRODUCT_BUNDLE_IDENTIFIER = "com.jota.iOS-Helpers-Swift";
				PRODUCT_NAME = "$(TARGET_NAME)";
				SWIFT_VERSION = 3.0;
			};
			name = Debug;
		};
		8483ABAB1E537058000B6164 /* Release */ = {
			isa = XCBuildConfiguration;
			buildSettings = {
				ASSETCATALOG_COMPILER_APPICON_NAME = AppIcon;
				DEVELOPMENT_TEAM = 6D995M6B5M;
				INFOPLIST_FILE = "iOS Helpers Swift/Info.plist";
				LD_RUNPATH_SEARCH_PATHS = "$(inherited) @executable_path/Frameworks";
				PRODUCT_BUNDLE_IDENTIFIER = "com.jota.iOS-Helpers-Swift";
				PRODUCT_NAME = "$(TARGET_NAME)";
				SWIFT_VERSION = 3.0;
			};
			name = Release;
		};
/* End XCBuildConfiguration section */

/* Begin XCConfigurationList section */
		8483AB921E537058000B6164 /* Build configuration list for PBXProject "iOS Helpers Swift" */ = {
			isa = XCConfigurationList;
			buildConfigurations = (
				8483ABA71E537058000B6164 /* Debug */,
				8483ABA81E537058000B6164 /* Release */,
			);
			defaultConfigurationIsVisible = 0;
			defaultConfigurationName = Release;
		};
		8483ABA91E537058000B6164 /* Build configuration list for PBXNativeTarget "iOS Helpers Swift" */ = {
			isa = XCConfigurationList;
			buildConfigurations = (
				8483ABAA1E537058000B6164 /* Debug */,
				8483ABAB1E537058000B6164 /* Release */,
			);
			defaultConfigurationIsVisible = 0;
		};
/* End XCConfigurationList section */
	};
	rootObject = 8483AB8F1E537058000B6164 /* Project object */;
}
